# This file is automatically @generated by Cargo.
# It is not intended for manual editing.
version = 4

[[package]]
name = "gproxy"
version = "0.1.0"

[[package]]
name = "gproxy-core"
version = "0.1.0"

[[package]]
name = "gproxy-protocol"
version = "0.1.0"

[[package]]
name = "gproxy-provider-core"
version = "0.1.0"

[[package]]
name = "gproxy-provider-impl"
version = "0.1.0"

[[package]]
name = "gproxy-storage"
version = "0.1.0"

[[package]]
name = "gproxy-transform"
version = "0.1.0"
